
Microsoft Visual Studio Solution File, Format Version 12.00
# Visual Studio Version 17
VisualStudioVersion = 17.3.32929.385
MinimumVisualStudioVersion = 10.0.40219.1
Project("{9A19103F-16F7-4668-BE54-9A1E7A4F7556}") = "ListaContatos.Test", "ListaContatos.Test\ListaContatos.Test.csproj", "{83CB6648-AFF3-4033-9356-A67797B88756}"
EndProject
Project("{9A19103F-16F7-4668-BE54-9A1E7A4F7556}") = "ListaContatos", "ListaContatos\ListaContatos.csproj", "{F64FFD84-9ED8-4E77-9DF4-28C021B8ABA4}"
EndProject
Global
	GlobalSection(SolutionConfigurationPlatforms) = preSolution
		Debug|Any CPU = Debug|Any CPU
		Release|Any CPU = Release|Any CPU
	EndGlobalSection
	GlobalSection(ProjectConfigurationPlatforms) = postSolution
		{83CB6648-AFF3-4033-9356-A67797B88756}.Debug|Any CPU.ActiveCfg = Debug|Any CPU
		{83CB6648-AFF3-4033-9356-A67797B88756}.Debug|Any CPU.Build.0 = Debug|Any CPU
		{83CB6648-AFF3-4033-9356-A67797B88756}.Release|Any CPU.ActiveCfg = Release|Any CPU
		{83CB6648-AFF3-4033-9356-A67797B88756}.Release|Any CPU.Build.0 = Release|Any CPU
		{F64FFD84-9ED8-4E77-9DF4-28C021B8ABA4}.Debug|Any CPU.ActiveCfg = Debug|Any CPU
		{F64FFD84-9ED8-4E77-9DF4-28C021B8ABA4}.Debug|Any CPU.Build.0 = Debug|Any CPU
		{F64FFD84-9ED8-4E77-9DF4-28C021B8ABA4}.Release|Any CPU.ActiveCfg = Release|Any CPU
		{F64FFD84-9ED8-4E77-9DF4-28C021B8ABA4}.Release|Any CPU.Build.0 = Release|Any CPU
	EndGlobalSection
	GlobalSection(SolutionProperties) = preSolution
		HideSolutionNode = FALSE
	EndGlobalSection
	GlobalSection(ExtensibilityGlobals) = postSolution
		SolutionGuid = {2F16F77F-D629-45BD-9872-377B9A7237AE}
	EndGlobalSection
EndGlobal
